
Microsoft Visual Studio Solution File, Format Version 12.00
# Visual Studio Version 17
VisualStudioVersion = 17.14.36221.1 d17.14
MinimumVisualStudioVersion = 10.0.40219.1
Project("{FAE04EC0-301F-11D3-BF4B-00C04F79EFBC}") = "dia10", "dia10\dia10.csproj", "{14F84890-BA23-4E76-9A93-07781D5DCA67}"
EndProject
Global
	GlobalSection(SolutionConfigurationPlatforms) = preSolution
		Debug|Any CPU = Debug|Any CPU
		Release|Any CPU = Release|Any CPU
	EndGlobalSection
	GlobalSection(ProjectConfigurationPlatforms) = postSolution
		{14F84890-BA23-4E76-9A93-07781D5DCA67}.Debug|Any CPU.ActiveCfg = Debug|Any CPU
		{14F84890-BA23-4E76-9A93-07781D5DCA67}.Debug|Any CPU.Build.0 = Debug|Any CPU
		{14F84890-BA23-4E76-9A93-07781D5DCA67}.Release|Any CPU.ActiveCfg = Release|Any CPU
		{14F84890-BA23-4E76-9A93-07781D5DCA67}.Release|Any CPU.Build.0 = Release|Any CPU
	EndGlobalSection
	GlobalSection(SolutionProperties) = preSolution
		HideSolutionNode = FALSE
	EndGlobalSection
	GlobalSection(ExtensibilityGlobals) = postSolution
		SolutionGuid = {5FF3A71A-F404-4AE9-8E90-19924D5DD5F4}
	EndGlobalSection
EndGlobal
